// !$*UTF8*$!
{
	archiveVersion = 1;
	classes = {
	};
	objectVersion = 55;
	objects = {

/* Begin PBXBuildFile section */
		31709B91293B5FDB0031B1AB /* AppDelegate.swift in Sources */ = {isa = PBXBuildFile; fileRef = 31709B90293B5FDB0031B1AB /* AppDelegate.swift */; };
		31709B93293B5FDB0031B1AB /* SceneDelegate.swift in Sources */ = {isa = PBXBuildFile; fileRef = 31709B92293B5FDB0031B1AB /* SceneDelegate.swift */; };
		31709B95293B5FDB0031B1AB /* FirstViewController.swift in Sources */ = {isa = PBXBuildFile; fileRef = 31709B94293B5FDB0031B1AB /* FirstViewController.swift */; };
		31709B98293B5FDB0031B1AB /* Main.storyboard in Resources */ = {isa = PBXBuildFile; fileRef = 31709B96293B5FDB0031B1AB /* Main.storyboard */; };
		31709B9A293B5FDC0031B1AB /* Assets.xcassets in Resources */ = {isa = PBXBuildFile; fileRef = 31709B99293B5FDC0031B1AB /* Assets.xcassets */; };
		31709B9D293B5FDC0031B1AB /* LaunchScreen.storyboard in Resources */ = {isa = PBXBuildFile; fileRef = 31709B9B293B5FDC0031B1AB /* LaunchScreen.storyboard */; };
		E90801C9293D97AA00341A01 /* Bmi Model.swift in Sources */ = {isa = PBXBuildFile; fileRef = E90801C8293D97AA00341A01 /* Bmi Model.swift */; };
		E952A45E293B7D40004F6678 /* SecondViewController.swift in Sources */ = {isa = PBXBuildFile; fileRef = E952A45D293B7D40004F6678 /* SecondViewController.swift */; };
		E952A463293C4F17004F6678 /* BuisnessLogic.swift in Sources */ = {isa = PBXBuildFile; fileRef = E952A462293C4F17004F6678 /* BuisnessLogic.swift */; };
/* End PBXBuildFile section */

/* Begin PBXFileReference section */
		31709B8D293B5FDB0031B1AB /* Bmi.app */ = {isa = PBXFileReference; explicitFileType = wrapper.application; includeInIndex = 0; path = Bmi.app; sourceTree = BUILT_PRODUCTS_DIR; };
		31709B90293B5FDB0031B1AB /* AppDelegate.swift */ = {isa = PBXFileReference; lastKnownFileType = sourcecode.swift; path = AppDelegate.swift; sourceTree = "<group>"; };
		31709B92293B5FDB0031B1AB /* SceneDelegate.swift */ = {isa = PBXFileReference; lastKnownFileType = sourcecode.swift; path = SceneDelegate.swift; sourceTree = "<group>"; };
		31709B94293B5FDB0031B1AB /* FirstViewController.swift */ = {isa = PBXFileReference; lastKnownFileType = sourcecode.swift; path = FirstViewController.swift; sourceTree = "<group>"; };
		31709B97293B5FDB0031B1AB /* Base */ = {isa = PBXFileReference; lastKnownFileType = file.storyboard; name = Base; path = Base.lproj/Main.storyboard; sourceTree = "<group>"; };
		31709B99293B5FDC0031B1AB /* Assets.xcassets */ = {isa = PBXFileReference; lastKnownFileType = folder.assetcatalog; path = Assets.xcassets; sourceTree = "<group>"; };
		31709B9C293B5FDC0031B1AB /* Base */ = {isa = PBXFileReference; lastKnownFileType = file.storyboard; name = Base; path = Base.lproj/LaunchScreen.storyboard; sourceTree = "<group>"; };
		31709B9E293B5FDC0031B1AB /* Info.plist */ = {isa = PBXFileReference; lastKnownFileType = text.plist.xml; path = Info.plist; sourceTree = "<group>"; };
		E90801C8293D97AA00341A01 /* Bmi Model.swift */ = {isa = PBXFileReference; lastKnownFileType = sourcecode.swift; path = "Bmi Model.swift"; sourceTree = "<group>"; };
		E952A45D293B7D40004F6678 /* SecondViewController.swift */ = {isa = PBXFileReference; lastKnownFileType = sourcecode.swift; path = SecondViewController.swift; sourceTree = "<group>"; };
		E952A462293C4F17004F6678 /* BuisnessLogic.swift */ = {isa = PBXFileReference; lastKnownFileType = sourcecode.swift; path = BuisnessLogic.swift; sourceTree = "<group>"; };
/* End PBXFileReference section */

/* Begin PBXFrameworksBuildPhase section */
		31709B8A293B5FDB0031B1AB /* Frameworks */ = {
			isa = PBXFrameworksBuildPhase;
			buildActionMask = 2147483647;
			files = (
			);
			runOnlyForDeploymentPostprocessing = 0;
		};
/* End PBXFrameworksBuildPhase section */

/* Begin PBXGroup section */
		31709B84293B5FDB0031B1AB = {
			isa = PBXGroup;
			children = (
				31709B8F293B5FDB0031B1AB /* Bmi */,
				31709B8E293B5FDB0031B1AB /* Products */,
			);
			sourceTree = "<group>";
		};
		31709B8E293B5FDB0031B1AB /* Products */ = {
			isa = PBXGroup;
			children = (
				31709B8D293B5FDB0031B1AB /* Bmi.app */,
			);
			name = Products;
			sourceTree = "<group>";
		};
		31709B8F293B5FDB0031B1AB /* Bmi */ = {
			isa = PBXGroup;
			children = (
				31709B90293B5FDB0031B1AB /* AppDelegate.swift */,
				31709B92293B5FDB0031B1AB /* SceneDelegate.swift */,
				E952A461293C4EFC004F6678 /* Model */,
				E952A460293C4EEA004F6678 /* View */,
				E952A45F293C4ECA004F6678 /* Controllers */,
				31709B99293B5FDC0031B1AB /* Assets.xcassets */,
				31709B9B293B5FDC0031B1AB /* LaunchScreen.storyboard */,
				31709B9E293B5FDC0031B1AB /* Info.plist */,
			);
			path = Bmi;
			sourceTree = "<group>";
		};
		E952A45F293C4ECA004F6678 /* Controllers */ = {
			isa = PBXGroup;
			children = (
				31709B94293B5FDB0031B1AB /* FirstViewController.swift */,
				E952A45D293B7D40004F6678 /* SecondViewController.swift */,
			);
			path = Controllers;
			sourceTree = "<group>";
		};
		E952A460293C4EEA004F6678 /* View */ = {
			isa = PBXGroup;
			children = (
				31709B96293B5FDB0031B1AB /* Main.storyboard */,
			);
			path = View;
			sourceTree = "<group>";
		};
		E952A461293C4EFC004F6678 /* Model */ = {
			isa = PBXGroup;
			children = (
				E952A462293C4F17004F6678 /* BuisnessLogic.swift */,
				E90801C8293D97AA00341A01 /* Bmi Model.swift */,
			);
			path = Model;
			sourceTree = "<group>";
		};
/* End PBXGroup section */

/* Begin PBXNativeTarget section */
		31709B8C293B5FDB0031B1AB /* Bmi */ = {
			isa = PBXNativeTarget;
			buildConfigurationList = 31709BA1293B5FDC0031B1AB /* Build configuration list for PBXNativeTarget "Bmi" */;
			buildPhases = (
				31709B89293B5FDB0031B1AB /* Sources */,
				31709B8A293B5FDB0031B1AB /* Frameworks */,
				31709B8B293B5FDB0031B1AB /* Resources */,
			);
			buildRules = (
			);
			dependencies = (
			);
			name = Bmi;
			productName = Bmi;
			productReference = 31709B8D293B5FDB0031B1AB /* Bmi.app */;
			productType = "com.apple.product-type.application";
		};
/* End PBXNativeTarget section */

/* Begin PBXProject section */
		31709B85293B5FDB0031B1AB /* Project object */ = {
			isa = PBXProject;
			attributes = {
				BuildIndependentTargetsInParallel = 1;
				LastSwiftUpdateCheck = 1340;
				LastUpgradeCheck = 1340;
				TargetAttributes = {
					31709B8C293B5FDB0031B1AB = {
						CreatedOnToolsVersion = 13.4.1;
					};
				};
			};
			buildConfigurationList = 31709B88293B5FDB0031B1AB /* Build configuration list for PBXProject "Bmi" */;
			compatibilityVersion = "Xcode 13.0";
			developmentRegion = en;
			hasScannedForEncodings = 0;
			knownRegions = (
				en,
				Base,
			);
			mainGroup = 31709B84293B5FDB0031B1AB;
			productRefGroup = 31709B8E293B5FDB0031B1AB /* Products */;
			projectDirPath = "";
			projectRoot = "";
			targets = (
				31709B8C293B5FDB0031B1AB /* Bmi */,
			);
		};
/* End PBXProject section */

/* Begin PBXResourcesBuildPhase section */
		31709B8B293B5FDB0031B1AB /* Resources */ = {
			isa = PBXResourcesBuildPhase;
			buildActionMask = 2147483647;
			files = (
				31709B9D293B5FDC0031B1AB /* LaunchScreen.storyboard in Resources */,
				31709B9A293B5FDC0031B1AB /* Assets.xcassets in Resources */,
				31709B98293B5FDB0031B1AB /* Main.storyboard in Resources */,
			);
			runOnlyForDeploymentPostprocessing = 0;
		};
/* End PBXResourcesBuildPhase section */

/* Begin PBXSourcesBuildPhase section */
		31709B89293B5FDB0031B1AB /* Sources */ = {
			isa = PBXSourcesBuildPhase;
			buildActionMask = 2147483647;
			files = (
				E952A463293C4F17004F6678 /* BuisnessLogic.swift in Sources */,
				E952A45E293B7D40004F6678 /* SecondViewController.swift in Sources */,
				31709B95293B5FDB0031B1AB /* FirstViewController.swift in Sources */,
				31709B91293B5FDB0031B1AB /* AppDelegate.swift in Sources */,
				31709B93293B5FDB0031B1AB /* SceneDelegate.swift in Sources */,
				E90801C9293D97AA00341A01 /* Bmi Model.swift in Sources */,
			);
			runOnlyForDeploymentPostprocessing = 0;
		};
/* End PBXSourcesBuildPhase section */

/* Begin PBXVariantGroup section */
		31709B96293B5FDB0031B1AB /* Main.storyboard */ = {
			isa = PBXVariantGroup;
			children = (
				31709B97293B5FDB0031B1AB /* Base */,
			);
			name = Main.storyboard;
			sourceTree = "<group>";
		};
		31709B9B293B5FDC0031B1AB /* LaunchScreen.storyboard */ = {
			isa = PBXVariantGroup;
			children = (
				31709B9C293B5FDC0031B1AB /* Base */,
			);
			name = LaunchScreen.storyboard;
			sourceTree = "<group>";
		};
/* End PBXVariantGroup section */

/* Begin XCBuildConfiguration section */
		31709B9F293B5FDC0031B1AB /* Debug */ = {
			isa = XCBuildConfiguration;
			buildSettings = {
				ALWAYS_SEARCH_USER_PATHS = NO;
				CLANG_ANALYZER_NONNULL = YES;
				CLANG_ANALYZER_NUMBER_OBJECT_CONVERSION = YES_AGGRESSIVE;
				CLANG_CXX_LANGUAGE_STANDARD = "gnu++17";
				CLANG_ENABLE_MODULES = YES;
				CLANG_ENABLE_OBJC_ARC = YES;
				CLANG_ENABLE_OBJC_WEAK = YES;
				CLANG_WARN_BLOCK_CAPTURE_AUTORELEASING = YES;
				CLANG_WARN_BOOL_CONVERSION = YES;
				CLANG_WARN_COMMA = YES;
				CLANG_WARN_CONSTANT_CONVERSION = YES;
				CLANG_WARN_DEPRECATED_OBJC_IMPLEMENTATIONS = YES;
				CLANG_WARN_DIRECT_OBJC_ISA_USAGE = YES_ERROR;
				CLANG_WARN_DOCUMENTATION_COMMENTS = YES;
				CLANG_WARN_EMPTY_BODY = YES;
				CLANG_WARN_ENUM_CONVERSION = YES;
				CLANG_WARN_INFINITE_RECURSION = YES;
				CLANG_WARN_INT_CONVERSION = YES;
				CLANG_WARN_NON_LITERAL_NULL_CONVERSION = YES;
				CLANG_WARN_OBJC_IMPLICIT_RETAIN_SELF = YES;
				CLANG_WARN_OBJC_LITERAL_CONVERSION = YES;
				CLANG_WARN_OBJC_ROOT_CLASS = YES_ERROR;
				CLANG_WARN_QUOTED_INCLUDE_IN_FRAMEWORK_HEADER = YES;
				CLANG_WARN_RANGE_LOOP_ANALYSIS = YES;
				CLANG_WARN_STRICT_PROTOTYPES = YES;
				CLANG_WARN_SUSPICIOUS_MOVE = YES;
				CLANG_WARN_UNGUARDED_AVAILABILITY = YES_AGGRESSIVE;
				CLANG_WARN_UNREACHABLE_CODE = YES;
				CLANG_WARN__DUPLICATE_METHOD_MATCH = YES;
				COPY_PHASE_STRIP = NO;
				DEBUG_INFORMATION_FORMAT = dwarf;
				ENABLE_STRICT_OBJC_MSGSEND = YES;
				ENABLE_TESTABILITY = YES;
				GCC_C_LANGUAGE_STANDARD = gnu11;
				GCC_DYNAMIC_NO_PIC = NO;
				GCC_NO_COMMON_BLOCKS = YES;
				GCC_OPTIMIZATION_LEVEL = 0;
				GCC_PREPROCESSOR_DEFINITIONS = (
					"DEBUG=1",
					"$(inherited)",
				);
				GCC_WARN_64_TO_32_BIT_CONVERSION = YES;
				GCC_WARN_ABOUT_RETURN_TYPE = YES_ERROR;
				GCC_WARN_UNDECLARED_SELECTOR = YES;
				GCC_WARN_UNINITIALIZED_AUTOS = YES_AGGRESSIVE;
				GCC_WARN_UNUSED_FUNCTION = YES;
				GCC_WARN_UNUSED_VARIABLE = YES;
				IPHONEOS_DEPLOYMENT_TARGET = 15.5;
				MTL_ENABLE_DEBUG_INFO = INCLUDE_SOURCE;
				MTL_FAST_MATH = YES;
				ONLY_ACTIVE_ARCH = YES;
				SDKROOT = iphoneos;
				SWIFT_ACTIVE_COMPILATION_CONDITIONS = DEBUG;
				SWIFT_OPTIMIZATION_LEVEL = "-Onone";
			};
			name = Debug;
		};
		31709BA0293B5FDC0031B1AB /* Release */ = {
			isa = XCBuildConfiguration;
			buildSettings = {
				ALWAYS_SEARCH_USER_PATHS = NO;
				CLANG_ANALYZER_NONNULL = YES;
				CLANG_ANALYZER_NUMBER_OBJECT_CONVERSION = YES_AGGRESSIVE;
				CLANG_CXX_LANGUAGE_STANDARD = "gnu++17";
				CLANG_ENABLE_MODULES = YES;
				CLANG_ENABLE_OBJC_ARC = YES;
				CLANG_ENABLE_OBJC_WEAK = YES;
				CLANG_WARN_BLOCK_CAPTURE_AUTORELEASING = YES;
				CLANG_WARN_BOOL_CONVERSION = YES;
				CLANG_WARN_COMMA = YES;
				CLANG_WARN_CONSTANT_CONVERSION = YES;
				CLANG_WARN_DEPRECATED_OBJC_IMPLEMENTATIONS = YES;
				CLANG_WARN_DIRECT_OBJC_ISA_USAGE = YES_ERROR;
				CLANG_WARN_DOCUMENTATION_COMMENTS = YES;
				CLANG_WARN_EMPTY_BODY = YES;
				CLANG_WARN_ENUM_CONVERSION = YES;
				CLANG_WARN_INFINITE_RECURSION = YES;
				CLANG_WARN_INT_CONVERSION = YES;
				CLANG_WARN_NON_LITERAL_NULL_CONVERSION = YES;
				CLANG_WARN_OBJC_IMPLICIT_RETAIN_SELF = YES;
				CLANG_WARN_OBJC_LITERAL_CONVERSION = YES;
				CLANG_WARN_OBJC_ROOT_CLASS = YES_ERROR;
				CLANG_WARN_QUOTED_INCLUDE_IN_FRAMEWORK_HEADER = YES;
				CLANG_WARN_RANGE_LOOP_ANALYSIS = YES;
				CLANG_WARN_STRICT_PROTOTYPES = YES;
				CLANG_WARN_SUSPICIOUS_MOVE = YES;
				CLANG_WARN_UNGUARDED_AVAILABILITY = YES_AGGRESSIVE;
				CLANG_WARN_UNREACHABLE_CODE = YES;
				CLANG_WARN__DUPLICATE_METHOD_MATCH = YES;
				COPY_PHASE_STRIP = NO;
				DEBUG_INFORMATION_FORMAT = "dwarf-with-dsym";
				ENABLE_NS_ASSERTIONS = NO;
				ENABLE_STRICT_OBJC_MSGSEND = YES;
				GCC_C_LANGUAGE_STANDARD = gnu11;
				GCC_NO_COMMON_BLOCKS = YES;
				GCC_WARN_64_TO_32_BIT_CONVERSION = YES;
				GCC_WARN_ABOUT_RETURN_TYPE = YES_ERROR;
				GCC_WARN_UNDECLARED_SELECTOR = YES;
				GCC_WARN_UNINITIALIZED_AUTOS = YES_AGGRESSIVE;
				GCC_WARN_UNUSED_FUNCTION = YES;
				GCC_WARN_UNUSED_VARIABLE = YES;
				IPHONEOS_DEPLOYMENT_TARGET = 15.5;
				MTL_ENABLE_DEBUG_INFO = NO;
				MTL_FAST_MATH = YES;
				SDKROOT = iphoneos;
				SWIFT_COMPILATION_MODE = wholemodule;
				SWIFT_OPTIMIZATION_LEVEL = "-O";
				VALIDATE_PRODUCT = YES;
			};
			name = Release;
		};
		31709BA2293B5FDC0031B1AB /* Debug */ = {
			isa = XCBuildConfiguration;
			buildSettings = {
				ASSETCATALOG_COMPILER_APPICON_NAME = AppIcon;
				ASSETCATALOG_COMPILER_GLOBAL_ACCENT_COLOR_NAME = AccentColor;
				CODE_SIGN_STYLE = Automatic;
				CURRENT_PROJECT_VERSION = 1;
				GENERATE_INFOPLIST_FILE = YES;
				INFOPLIST_FILE = Bmi/Info.plist;
				INFOPLIST_KEY_UIApplicationSupportsIndirectInputEvents = YES;
				INFOPLIST_KEY_UILaunchStoryboardName = LaunchScreen;
				INFOPLIST_KEY_UIMainStoryboardFile = Main;
				INFOPLIST_KEY_UISupportedInterfaceOrientations_iPad = "UIInterfaceOrientationPortrait UIInterfaceOrientationPortraitUpsideDown UIInterfaceOrientationLandscapeLeft UIInterfaceOrientationLandscapeRight";
				INFOPLIST_KEY_UISupportedInterfaceOrientations_iPhone = "UIInterfaceOrientationPortrait UIInterfaceOrientationLandscapeLeft UIInterfaceOrientationLandscapeRight";
				LD_RUNPATH_SEARCH_PATHS = (
					"$(inherited)",
					"@executable_path/Frameworks",
				);
				MARKETING_VERSION = 1.0;
				PRODUCT_BUNDLE_IDENTIFIER = com.sarthak.Bmi;
				PRODUCT_NAME = "$(TARGET_NAME)";
				SWIFT_EMIT_LOC_STRINGS = YES;
				SWIFT_VERSION = 5.0;
				TARGETED_DEVICE_FAMILY = "1,2";
			};
			name = Debug;
		};
		31709BA3293B5FDC0031B1AB /* Release */ = {
			isa = XCBuildConfiguration;
			buildSettings = {
				ASSETCATALOG_COMPILER_APPICON_NAME = AppIcon;
				ASSETCATALOG_COMPILER_GLOBAL_ACCENT_COLOR_NAME = AccentColor;
				CODE_SIGN_STYLE = Automatic;
				CURRENT_PROJECT_VERSION = 1;
				GENERATE_INFOPLIST_FILE = YES;
				INFOPLIST_FILE = Bmi/Info.plist;
				INFOPLIST_KEY_UIApplicationSupportsIndirectInputEvents = YES;
				INFOPLIST_KEY_UILaunchStoryboardName = LaunchScreen;
				INFOPLIST_KEY_UIMainStoryboardFile = Main;
				INFOPLIST_KEY_UISupportedInterfaceOrientations_iPad = "UIInterfaceOrientationPortrait UIInterfaceOrientationPortraitUpsideDown UIInterfaceOrientationLandscapeLeft UIInterfaceOrientationLandscapeRight";
				INFOPLIST_KEY_UISupportedInterfaceOrientations_iPhone = "UIInterfaceOrientationPortrait UIInterfaceOrientationLandscapeLeft UIInterfaceOrientationLandscapeRight";
				LD_RUNPATH_SEARCH_PATHS = (
					"$(inherited)",
					"@executable_path/Frameworks",
				);
				MARKETING_VERSION = 1.0;
				PRODUCT_BUNDLE_IDENTIFIER = com.sarthak.Bmi;
				PRODUCT_NAME = "$(TARGET_NAME)";
				SWIFT_EMIT_LOC_STRINGS = YES;
				SWIFT_VERSION = 5.0;
				TARGETED_DEVICE_FAMILY = "1,2";
			};
			name = Release;
		};
/* End XCBuildConfiguration section */

/* Begin XCConfigurationList section */
		31709B88293B5FDB0031B1AB /* Build configuration list for PBXProject "Bmi" */ = {
			isa = XCConfigurationList;
			buildConfigurations = (
				31709B9F293B5FDC0031B1AB /* Debug */,
				31709BA0293B5FDC0031B1AB /* Release */,
			);
			defaultConfigurationIsVisible = 0;
			defaultConfigurationName = Release;
		};
		31709BA1293B5FDC0031B1AB /* Build configuration list for PBXNativeTarget "Bmi" */ = {
			isa = XCConfigurationList;
			buildConfigurations = (
				31709BA2293B5FDC0031B1AB /* Debug */,
				31709BA3293B5FDC0031B1AB /* Release */,
			);
			defaultConfigurationIsVisible = 0;
			defaultConfigurationName = Release;
		};
/* End XCConfigurationList section */
	};
	rootObject = 31709B85293B5FDB0031B1AB /* Project object */;
}
